
Microsoft Visual Studio Solution File, Format Version 12.00
# Visual Studio Version 17
VisualStudioVersion = 17.11.35219.272
MinimumVisualStudioVersion = 10.0.40219.1
Project("{FAE04EC0-301F-11D3-BF4B-00C04F79EFBC}") = "BloggieWeb1", "BloggieWeb1\BloggieWeb1.csproj", "{856320E0-87ED-4FC8-95EF-BB9EDBE69855}"
EndProject
Global
	GlobalSection(SolutionConfigurationPlatforms) = preSolution
		Debug|Any CPU = Debug|Any CPU
		Release|Any CPU = Release|Any CPU
	EndGlobalSection
	GlobalSection(ProjectConfigurationPlatforms) = postSolution
		{856320E0-87ED-4FC8-95EF-BB9EDBE69855}.Debug|Any CPU.ActiveCfg = Debug|Any CPU
		{856320E0-87ED-4FC8-95EF-BB9EDBE69855}.Debug|Any CPU.Build.0 = Debug|Any CPU
		{856320E0-87ED-4FC8-95EF-BB9EDBE69855}.Release|Any CPU.ActiveCfg = Release|Any CPU
		{856320E0-87ED-4FC8-95EF-BB9EDBE69855}.Release|Any CPU.Build.0 = Release|Any CPU
	EndGlobalSection
	GlobalSection(SolutionProperties) = preSolution
		HideSolutionNode = FALSE
	EndGlobalSection
	GlobalSection(ExtensibilityGlobals) = postSolution
		SolutionGuid = {D7494017-A43A-4B40-8C1B-CAC9E7EA650A}
	EndGlobalSection
EndGlobal
